
Microsoft Visual Studio Solution File, Format Version 12.00
# Visual Studio Version 17
VisualStudioVersion = 17.5.002.0
MinimumVisualStudioVersion = 10.0.40219.1
Project("{9A19103F-16F7-4668-BE54-9A1E7A4F7556}") = "MyApp", "MyApp.csproj", "{FC0C8437-DA38-4293-8149-38A34A898ED3}"
EndProject
Global
	GlobalSection(SolutionConfigurationPlatforms) = preSolution
		Debug|Any CPU = Debug|Any CPU
		Release|Any CPU = Release|Any CPU
	EndGlobalSection
	GlobalSection(ProjectConfigurationPlatforms) = postSolution
		{FC0C8437-DA38-4293-8149-38A34A898ED3}.Debug|Any CPU.ActiveCfg = Debug|Any CPU
		{FC0C8437-DA38-4293-8149-38A34A898ED3}.Debug|Any CPU.Build.0 = Debug|Any CPU
		{FC0C8437-DA38-4293-8149-38A34A898ED3}.Release|Any CPU.ActiveCfg = Release|Any CPU
		{FC0C8437-DA38-4293-8149-38A34A898ED3}.Release|Any CPU.Build.0 = Release|Any CPU
	EndGlobalSection
	GlobalSection(SolutionProperties) = preSolution
		HideSolutionNode = FALSE
	EndGlobalSection
	GlobalSection(ExtensibilityGlobals) = postSolution
		SolutionGuid = {A73F0540-601E-4A95-A4E6-93408663A095}
	EndGlobalSection
EndGlobal
